
Microsoft Visual Studio Solution File, Format Version 12.00
# Visual Studio Version 17
VisualStudioVersion = 17.6.33723.286
MinimumVisualStudioVersion = 10.0.40219.1
Project("{9A19103F-16F7-4668-BE54-9A1E7A4F7556}") = "ApiControladorVendas.Dominio", "ApiControladorVendas.Dominio\ApiControladorVendas.Dominio.csproj", "{799A8099-B0B8-4D44-8BCE-AF7F7E949C4F}"
EndProject
Project("{9A19103F-16F7-4668-BE54-9A1E7A4F7556}") = "ApiControladorVendas.Aplicacao", "ApiControladorVendas.Aplicacao\ApiControladorVendas.Aplicacao.csproj", "{5553E701-AD7F-437B-84BC-82ED91E0A914}"
EndProject
Project("{9A19103F-16F7-4668-BE54-9A1E7A4F7556}") = "ApiControladorVendas.Repositorio", "ApiControladorVendas.Repositorio\ApiControladorVendas.Repositorio.csproj", "{49307B0F-DE3C-4040-983A-B4663A96AB4B}"
EndProject
Project("{9A19103F-16F7-4668-BE54-9A1E7A4F7556}") = "ApiControladorVendas.Infra", "ApiControladorVendas.Infra\ApiControladorVendas.Infra.csproj", "{93938C11-369B-4022-9463-253E53D4F1C9}"
EndProject
Project("{9A19103F-16F7-4668-BE54-9A1E7A4F7556}") = "ApiControladorVendas.Api", "ApiControladorVendas.Api\ApiControladorVendas.Api.csproj", "{46FADF3A-CF0B-47FF-B896-BB6F931B9920}"
EndProject
Project("{FAE04EC0-301F-11D3-BF4B-00C04F79EFBC}") = "ApiControladorVenda.UnitTests", "ApiControladorVendaUnitTests\ApiControladorVenda.UnitTests.csproj", "{C176AAEB-B8D6-41CC-A31F-B6EDA3730936}"
EndProject
Global
	GlobalSection(SolutionConfigurationPlatforms) = preSolution
		Debug|Any CPU = Debug|Any CPU
		Release|Any CPU = Release|Any CPU
	EndGlobalSection
	GlobalSection(ProjectConfigurationPlatforms) = postSolution
		{799A8099-B0B8-4D44-8BCE-AF7F7E949C4F}.Debug|Any CPU.ActiveCfg = Debug|Any CPU
		{799A8099-B0B8-4D44-8BCE-AF7F7E949C4F}.Debug|Any CPU.Build.0 = Debug|Any CPU
		{799A8099-B0B8-4D44-8BCE-AF7F7E949C4F}.Release|Any CPU.ActiveCfg = Release|Any CPU
		{799A8099-B0B8-4D44-8BCE-AF7F7E949C4F}.Release|Any CPU.Build.0 = Release|Any CPU
		{5553E701-AD7F-437B-84BC-82ED91E0A914}.Debug|Any CPU.ActiveCfg = Debug|Any CPU
		{5553E701-AD7F-437B-84BC-82ED91E0A914}.Debug|Any CPU.Build.0 = Debug|Any CPU
		{5553E701-AD7F-437B-84BC-82ED91E0A914}.Release|Any CPU.ActiveCfg = Release|Any CPU
		{5553E701-AD7F-437B-84BC-82ED91E0A914}.Release|Any CPU.Build.0 = Release|Any CPU
		{49307B0F-DE3C-4040-983A-B4663A96AB4B}.Debug|Any CPU.ActiveCfg = Debug|Any CPU
		{49307B0F-DE3C-4040-983A-B4663A96AB4B}.Debug|Any CPU.Build.0 = Debug|Any CPU
		{49307B0F-DE3C-4040-983A-B4663A96AB4B}.Release|Any CPU.ActiveCfg = Release|Any CPU
		{49307B0F-DE3C-4040-983A-B4663A96AB4B}.Release|Any CPU.Build.0 = Release|Any CPU
		{93938C11-369B-4022-9463-253E53D4F1C9}.Debug|Any CPU.ActiveCfg = Debug|Any CPU
		{93938C11-369B-4022-9463-253E53D4F1C9}.Debug|Any CPU.Build.0 = Debug|Any CPU
		{93938C11-369B-4022-9463-253E53D4F1C9}.Release|Any CPU.ActiveCfg = Release|Any CPU
		{93938C11-369B-4022-9463-253E53D4F1C9}.Release|Any CPU.Build.0 = Release|Any CPU
		{46FADF3A-CF0B-47FF-B896-BB6F931B9920}.Debug|Any CPU.ActiveCfg = Debug|Any CPU
		{46FADF3A-CF0B-47FF-B896-BB6F931B9920}.Debug|Any CPU.Build.0 = Debug|Any CPU
		{46FADF3A-CF0B-47FF-B896-BB6F931B9920}.Release|Any CPU.ActiveCfg = Release|Any CPU
		{46FADF3A-CF0B-47FF-B896-BB6F931B9920}.Release|Any CPU.Build.0 = Release|Any CPU
		{C176AAEB-B8D6-41CC-A31F-B6EDA3730936}.Debug|Any CPU.ActiveCfg = Debug|Any CPU
		{C176AAEB-B8D6-41CC-A31F-B6EDA3730936}.Debug|Any CPU.Build.0 = Debug|Any CPU
		{C176AAEB-B8D6-41CC-A31F-B6EDA3730936}.Release|Any CPU.ActiveCfg = Release|Any CPU
		{C176AAEB-B8D6-41CC-A31F-B6EDA3730936}.Release|Any CPU.Build.0 = Release|Any CPU
	EndGlobalSection
	GlobalSection(SolutionProperties) = preSolution
		HideSolutionNode = FALSE
	EndGlobalSection
	GlobalSection(ExtensibilityGlobals) = postSolution
		SolutionGuid = {3EAF8123-2701-4978-93E8-99FFFB9A5EAD}
	EndGlobalSection
EndGlobal
